
Microsoft Visual Studio Solution File, Format Version 12.00
# Visual Studio Version 17
VisualStudioVersion = 17.8.34330.188
MinimumVisualStudioVersion = 10.0.40219.1
Project("{9A19103F-16F7-4668-BE54-9A1E7A4F7556}") = "AuctionService", "AuctionService.csproj", "{0B0E6453-95DA-473C-AB69-12550C245832}"
EndProject
Project("{2150E333-8FDC-42A3-9474-1A3956D46DE8}") = "Solution Items", "Solution Items", "{E0F11471-81E4-457C-B683-FF9DEA84DB97}"
	ProjectSection(SolutionItems) = preProject
		docker-compose.yml = docker-compose.yml
	EndProjectSection
EndProject
Global
	GlobalSection(SolutionConfigurationPlatforms) = preSolution
		Debug|Any CPU = Debug|Any CPU
		Release|Any CPU = Release|Any CPU
	EndGlobalSection
	GlobalSection(ProjectConfigurationPlatforms) = postSolution
		{0B0E6453-95DA-473C-AB69-12550C245832}.Debug|Any CPU.ActiveCfg = Debug|Any CPU
		{0B0E6453-95DA-473C-AB69-12550C245832}.Debug|Any CPU.Build.0 = Debug|Any CPU
		{0B0E6453-95DA-473C-AB69-12550C245832}.Release|Any CPU.ActiveCfg = Release|Any CPU
		{0B0E6453-95DA-473C-AB69-12550C245832}.Release|Any CPU.Build.0 = Release|Any CPU
	EndGlobalSection
	GlobalSection(SolutionProperties) = preSolution
		HideSolutionNode = FALSE
	EndGlobalSection
	GlobalSection(ExtensibilityGlobals) = postSolution
		SolutionGuid = {FC49DE89-5B5D-40B6-9AE5-E27BAB3B0F2D}
	EndGlobalSection
EndGlobal
